
Microsoft Visual Studio Solution File, Format Version 12.00
# Visual Studio Version 16
VisualStudioVersion = 25.0.1706.0
MinimumVisualStudioVersion = 10.0.40219.1
Project("{FAE04EC0-301F-11D3-BF4B-00C04F79EFBC}") = "02UnderstandingTypes", "02UnderstandingTypes\02UnderstandingTypes.csproj", "{0E465538-DE0C-4CB3-8CD2-044E28B6F79F}"
EndProject
Global
	GlobalSection(SolutionConfigurationPlatforms) = preSolution
		Debug|Any CPU = Debug|Any CPU
		Release|Any CPU = Release|Any CPU
	EndGlobalSection
	GlobalSection(ProjectConfigurationPlatforms) = postSolution
		{0E465538-DE0C-4CB3-8CD2-044E28B6F79F}.Debug|Any CPU.ActiveCfg = Debug|Any CPU
		{0E465538-DE0C-4CB3-8CD2-044E28B6F79F}.Debug|Any CPU.Build.0 = Debug|Any CPU
		{0E465538-DE0C-4CB3-8CD2-044E28B6F79F}.Release|Any CPU.ActiveCfg = Release|Any CPU
		{0E465538-DE0C-4CB3-8CD2-044E28B6F79F}.Release|Any CPU.Build.0 = Release|Any CPU
	EndGlobalSection
	GlobalSection(SolutionProperties) = preSolution
		HideSolutionNode = FALSE
	EndGlobalSection
	GlobalSection(ExtensibilityGlobals) = postSolution
		SolutionGuid = {4FDDAF45-46F0-4939-AB5A-8B521AC5277A}
	EndGlobalSection
EndGlobal
