
Microsoft Visual Studio Solution File, Format Version 12.00
# Visual Studio Version 16
VisualStudioVersion = 25.0.1706.0
MinimumVisualStudioVersion = 10.0.40219.1
Project("{2150E333-8FDC-42A3-9474-1A3956D46DE8}") = "Interviews", "Interviews", "{46D9EB4A-7B8C-4A60-8AF2-726A4A8D8841}"
EndProject
Project("{2150E333-8FDC-42A3-9474-1A3956D46DE8}") = "OnBoarding", "OnBoarding", "{0A62D6DD-72F9-4200-A011-1FA9150962FD}"
EndProject
Project("{2150E333-8FDC-42A3-9474-1A3956D46DE8}") = "Authentication", "Authentication", "{AD640EB1-E162-486A-B35C-4C4B4669B206}"
EndProject
Project("{2150E333-8FDC-42A3-9474-1A3956D46DE8}") = "Recruiting", "Recruiting", "{E8EB4F2C-5B1E-4616-9B14-77A792A37E96}"
EndProject
Project("{FAE04EC0-301F-11D3-BF4B-00C04F79EFBC}") = "RecruitingWeb", "Services\Recruiting\RecruitingWeb\RecruitingWeb.csproj", "{D287937B-491D-49F4-8060-1DB67F1EF6C3}"
EndProject
Project("{FAE04EC0-301F-11D3-BF4B-00C04F79EFBC}") = "ApplicationCore", "Services\Recruiting\ApplicationCore\ApplicationCore.csproj", "{5FC59669-D267-4F6D-A0D7-CD90F0ED83C3}"
EndProject
Project("{FAE04EC0-301F-11D3-BF4B-00C04F79EFBC}") = "Infrastructure", "Services\Recruiting\Infrastructure\Infrastructure.csproj", "{E9B3495D-6F68-425D-B938-EF20F55CE242}"
EndProject
Project("{FAE04EC0-301F-11D3-BF4B-00C04F79EFBC}") = "Recruiting.API", "Services\Recruiting\Recruiting.API\Recruiting.API.csproj", "{087945D7-898E-4297-B4F6-CAB4585DA741}"
EndProject
Project("{FAE04EC0-301F-11D3-BF4B-00C04F79EFBC}") = "ApplicationCore", "Services\Interviews\ApplicationCore\ApplicationCore.csproj", "{9E17D803-6849-416D-93C7-B1D9D45EF4EC}"
EndProject
Project("{FAE04EC0-301F-11D3-BF4B-00C04F79EFBC}") = "InterviewWeb", "Services\Interviews\InterviewWeb\InterviewWeb.csproj", "{27099A3D-DC0F-4D21-9846-CDF02A39FE41}"
EndProject
Project("{FAE04EC0-301F-11D3-BF4B-00C04F79EFBC}") = "OnBoardingWeb", "Services\OnBoarding\OnBoardingWeb\OnBoardingWeb.csproj", "{37E1ADF6-33AA-48AA-9896-7534D217D465}"
EndProject
Project("{FAE04EC0-301F-11D3-BF4B-00C04F79EFBC}") = "ApplicationCore", "Services\OnBoarding\ApplicationCore\ApplicationCore.csproj", "{6B932107-F21E-495C-8F02-0A8CCDE9CA44}"
EndProject
Project("{FAE04EC0-301F-11D3-BF4B-00C04F79EFBC}") = "Infrastructure", "Services\Interviews\Infrastructure\Infrastructure.csproj", "{20C6B39C-0496-4E95-9223-1F146AE92375}"
EndProject
Project("{FAE04EC0-301F-11D3-BF4B-00C04F79EFBC}") = "Infrastructure", "Services\OnBoarding\Infrastructure\Infrastructure.csproj", "{85351796-D7C0-4C37-9B8B-D157EBA066A1}"
EndProject
Global
	GlobalSection(SolutionConfigurationPlatforms) = preSolution
		Debug|Any CPU = Debug|Any CPU
		Release|Any CPU = Release|Any CPU
	EndGlobalSection
	GlobalSection(ProjectConfigurationPlatforms) = postSolution
		{D287937B-491D-49F4-8060-1DB67F1EF6C3}.Debug|Any CPU.ActiveCfg = Debug|Any CPU
		{D287937B-491D-49F4-8060-1DB67F1EF6C3}.Debug|Any CPU.Build.0 = Debug|Any CPU
		{D287937B-491D-49F4-8060-1DB67F1EF6C3}.Release|Any CPU.ActiveCfg = Release|Any CPU
		{D287937B-491D-49F4-8060-1DB67F1EF6C3}.Release|Any CPU.Build.0 = Release|Any CPU
		{5FC59669-D267-4F6D-A0D7-CD90F0ED83C3}.Debug|Any CPU.ActiveCfg = Debug|Any CPU
		{5FC59669-D267-4F6D-A0D7-CD90F0ED83C3}.Debug|Any CPU.Build.0 = Debug|Any CPU
		{5FC59669-D267-4F6D-A0D7-CD90F0ED83C3}.Release|Any CPU.ActiveCfg = Release|Any CPU
		{5FC59669-D267-4F6D-A0D7-CD90F0ED83C3}.Release|Any CPU.Build.0 = Release|Any CPU
		{E9B3495D-6F68-425D-B938-EF20F55CE242}.Debug|Any CPU.ActiveCfg = Debug|Any CPU
		{E9B3495D-6F68-425D-B938-EF20F55CE242}.Debug|Any CPU.Build.0 = Debug|Any CPU
		{E9B3495D-6F68-425D-B938-EF20F55CE242}.Release|Any CPU.ActiveCfg = Release|Any CPU
		{E9B3495D-6F68-425D-B938-EF20F55CE242}.Release|Any CPU.Build.0 = Release|Any CPU
		{087945D7-898E-4297-B4F6-CAB4585DA741}.Debug|Any CPU.ActiveCfg = Debug|Any CPU
		{087945D7-898E-4297-B4F6-CAB4585DA741}.Debug|Any CPU.Build.0 = Debug|Any CPU
		{087945D7-898E-4297-B4F6-CAB4585DA741}.Release|Any CPU.ActiveCfg = Release|Any CPU
		{087945D7-898E-4297-B4F6-CAB4585DA741}.Release|Any CPU.Build.0 = Release|Any CPU
		{9E17D803-6849-416D-93C7-B1D9D45EF4EC}.Debug|Any CPU.ActiveCfg = Debug|Any CPU
		{9E17D803-6849-416D-93C7-B1D9D45EF4EC}.Debug|Any CPU.Build.0 = Debug|Any CPU
		{9E17D803-6849-416D-93C7-B1D9D45EF4EC}.Release|Any CPU.ActiveCfg = Release|Any CPU
		{9E17D803-6849-416D-93C7-B1D9D45EF4EC}.Release|Any CPU.Build.0 = Release|Any CPU
		{27099A3D-DC0F-4D21-9846-CDF02A39FE41}.Debug|Any CPU.ActiveCfg = Debug|Any CPU
		{27099A3D-DC0F-4D21-9846-CDF02A39FE41}.Debug|Any CPU.Build.0 = Debug|Any CPU
		{27099A3D-DC0F-4D21-9846-CDF02A39FE41}.Release|Any CPU.ActiveCfg = Release|Any CPU
		{27099A3D-DC0F-4D21-9846-CDF02A39FE41}.Release|Any CPU.Build.0 = Release|Any CPU
		{37E1ADF6-33AA-48AA-9896-7534D217D465}.Debug|Any CPU.ActiveCfg = Debug|Any CPU
		{37E1ADF6-33AA-48AA-9896-7534D217D465}.Debug|Any CPU.Build.0 = Debug|Any CPU
		{37E1ADF6-33AA-48AA-9896-7534D217D465}.Release|Any CPU.ActiveCfg = Release|Any CPU
		{37E1ADF6-33AA-48AA-9896-7534D217D465}.Release|Any CPU.Build.0 = Release|Any CPU
		{6B932107-F21E-495C-8F02-0A8CCDE9CA44}.Debug|Any CPU.ActiveCfg = Debug|Any CPU
		{6B932107-F21E-495C-8F02-0A8CCDE9CA44}.Debug|Any CPU.Build.0 = Debug|Any CPU
		{6B932107-F21E-495C-8F02-0A8CCDE9CA44}.Release|Any CPU.ActiveCfg = Release|Any CPU
		{6B932107-F21E-495C-8F02-0A8CCDE9CA44}.Release|Any CPU.Build.0 = Release|Any CPU
		{20C6B39C-0496-4E95-9223-1F146AE92375}.Debug|Any CPU.ActiveCfg = Debug|Any CPU
		{20C6B39C-0496-4E95-9223-1F146AE92375}.Debug|Any CPU.Build.0 = Debug|Any CPU
		{20C6B39C-0496-4E95-9223-1F146AE92375}.Release|Any CPU.ActiveCfg = Release|Any CPU
		{20C6B39C-0496-4E95-9223-1F146AE92375}.Release|Any CPU.Build.0 = Release|Any CPU
		{85351796-D7C0-4C37-9B8B-D157EBA066A1}.Debug|Any CPU.ActiveCfg = Debug|Any CPU
		{85351796-D7C0-4C37-9B8B-D157EBA066A1}.Debug|Any CPU.Build.0 = Debug|Any CPU
		{85351796-D7C0-4C37-9B8B-D157EBA066A1}.Release|Any CPU.ActiveCfg = Release|Any CPU
		{85351796-D7C0-4C37-9B8B-D157EBA066A1}.Release|Any CPU.Build.0 = Release|Any CPU
	EndGlobalSection
	GlobalSection(SolutionProperties) = preSolution
		HideSolutionNode = FALSE
	EndGlobalSection
	GlobalSection(ExtensibilityGlobals) = postSolution
		SolutionGuid = {561DD9C4-C29C-40D3-A303-EAFF7E128D50}
	EndGlobalSection
	GlobalSection(NestedProjects) = preSolution
		{D287937B-491D-49F4-8060-1DB67F1EF6C3} = {E8EB4F2C-5B1E-4616-9B14-77A792A37E96}
		{5FC59669-D267-4F6D-A0D7-CD90F0ED83C3} = {E8EB4F2C-5B1E-4616-9B14-77A792A37E96}
		{E9B3495D-6F68-425D-B938-EF20F55CE242} = {E8EB4F2C-5B1E-4616-9B14-77A792A37E96}
		{087945D7-898E-4297-B4F6-CAB4585DA741} = {E8EB4F2C-5B1E-4616-9B14-77A792A37E96}
		{9E17D803-6849-416D-93C7-B1D9D45EF4EC} = {46D9EB4A-7B8C-4A60-8AF2-726A4A8D8841}
		{27099A3D-DC0F-4D21-9846-CDF02A39FE41} = {46D9EB4A-7B8C-4A60-8AF2-726A4A8D8841}
		{37E1ADF6-33AA-48AA-9896-7534D217D465} = {0A62D6DD-72F9-4200-A011-1FA9150962FD}
		{6B932107-F21E-495C-8F02-0A8CCDE9CA44} = {0A62D6DD-72F9-4200-A011-1FA9150962FD}
		{20C6B39C-0496-4E95-9223-1F146AE92375} = {46D9EB4A-7B8C-4A60-8AF2-726A4A8D8841}
		{85351796-D7C0-4C37-9B8B-D157EBA066A1} = {0A62D6DD-72F9-4200-A011-1FA9150962FD}
	EndGlobalSection
EndGlobal
